
Microsoft Visual Studio Solution File, Format Version 12.00
# Visual Studio Version 16
VisualStudioVersion = 16.0.30413.136
MinimumVisualStudioVersion = 10.0.40219.1
Project("{FAE04EC0-301F-11D3-BF4B-00C04F79EFBC}") = "POASTSuite.Android", "POASTSuite\POASTSuite.Android\POASTSuite.Android.csproj", "{98C9B4ED-8F5D-44EB-9A15-157185B32135}"
EndProject
Project("{FAE04EC0-301F-11D3-BF4B-00C04F79EFBC}") = "POASTSuite.iOS", "POASTSuite\POASTSuite.iOS\POASTSuite.iOS.csproj", "{6EE6B360-00E4-4351-A5CA-7FB12E5D866E}"
EndProject
Project("{FAE04EC0-301F-11D3-BF4B-00C04F79EFBC}") = "POASTSuite", "POASTSuite\POASTSuite\POASTSuite.csproj", "{04079CF4-2907-43AB-800D-6D25DA1606BD}"
EndProject
Global
	GlobalSection(SolutionConfigurationPlatforms) = preSolution
		Debug|Any CPU = Debug|Any CPU
		Debug|iPhone = Debug|iPhone
		Debug|iPhoneSimulator = Debug|iPhoneSimulator
		Release|Any CPU = Release|Any CPU
		Release|iPhone = Release|iPhone
		Release|iPhoneSimulator = Release|iPhoneSimulator
	EndGlobalSection
	GlobalSection(ProjectConfigurationPlatforms) = postSolution
		{98C9B4ED-8F5D-44EB-9A15-157185B32135}.Debug|Any CPU.ActiveCfg = Debug|Any CPU
		{98C9B4ED-8F5D-44EB-9A15-157185B32135}.Debug|Any CPU.Build.0 = Debug|Any CPU
		{98C9B4ED-8F5D-44EB-9A15-157185B32135}.Debug|Any CPU.Deploy.0 = Debug|Any CPU
		{98C9B4ED-8F5D-44EB-9A15-157185B32135}.Debug|iPhone.ActiveCfg = Debug|Any CPU
		{98C9B4ED-8F5D-44EB-9A15-157185B32135}.Debug|iPhone.Build.0 = Debug|Any CPU
		{98C9B4ED-8F5D-44EB-9A15-157185B32135}.Debug|iPhone.Deploy.0 = Debug|Any CPU
		{98C9B4ED-8F5D-44EB-9A15-157185B32135}.Debug|iPhoneSimulator.ActiveCfg = Debug|Any CPU
		{98C9B4ED-8F5D-44EB-9A15-157185B32135}.Debug|iPhoneSimulator.Build.0 = Debug|Any CPU
		{98C9B4ED-8F5D-44EB-9A15-157185B32135}.Debug|iPhoneSimulator.Deploy.0 = Debug|Any CPU
		{98C9B4ED-8F5D-44EB-9A15-157185B32135}.Release|Any CPU.ActiveCfg = Release|Any CPU
		{98C9B4ED-8F5D-44EB-9A15-157185B32135}.Release|Any CPU.Build.0 = Release|Any CPU
		{98C9B4ED-8F5D-44EB-9A15-157185B32135}.Release|Any CPU.Deploy.0 = Release|Any CPU
		{98C9B4ED-8F5D-44EB-9A15-157185B32135}.Release|iPhone.ActiveCfg = Release|Any CPU
		{98C9B4ED-8F5D-44EB-9A15-157185B32135}.Release|iPhone.Build.0 = Release|Any CPU
		{98C9B4ED-8F5D-44EB-9A15-157185B32135}.Release|iPhone.Deploy.0 = Release|Any CPU
		{98C9B4ED-8F5D-44EB-9A15-157185B32135}.Release|iPhoneSimulator.ActiveCfg = Release|Any CPU
		{98C9B4ED-8F5D-44EB-9A15-157185B32135}.Release|iPhoneSimulator.Build.0 = Release|Any CPU
		{98C9B4ED-8F5D-44EB-9A15-157185B32135}.Release|iPhoneSimulator.Deploy.0 = Release|Any CPU
		{6EE6B360-00E4-4351-A5CA-7FB12E5D866E}.Debug|Any CPU.ActiveCfg = Debug|iPhone
		{6EE6B360-00E4-4351-A5CA-7FB12E5D866E}.Debug|Any CPU.Build.0 = Debug|iPhone
		{6EE6B360-00E4-4351-A5CA-7FB12E5D866E}.Debug|Any CPU.Deploy.0 = Debug|iPhone
		{6EE6B360-00E4-4351-A5CA-7FB12E5D866E}.Debug|iPhone.ActiveCfg = Debug|iPhone
		{6EE6B360-00E4-4351-A5CA-7FB12E5D866E}.Debug|iPhone.Build.0 = Debug|iPhone
		{6EE6B360-00E4-4351-A5CA-7FB12E5D866E}.Debug|iPhone.Deploy.0 = Debug|iPhone
		{6EE6B360-00E4-4351-A5CA-7FB12E5D866E}.Debug|iPhoneSimulator.ActiveCfg = Debug|iPhoneSimulator
		{6EE6B360-00E4-4351-A5CA-7FB12E5D866E}.Debug|iPhoneSimulator.Build.0 = Debug|iPhoneSimulator
		{6EE6B360-00E4-4351-A5CA-7FB12E5D866E}.Debug|iPhoneSimulator.Deploy.0 = Debug|iPhoneSimulator
		{6EE6B360-00E4-4351-A5CA-7FB12E5D866E}.Release|Any CPU.ActiveCfg = Release|iPhone
		{6EE6B360-00E4-4351-A5CA-7FB12E5D866E}.Release|Any CPU.Build.0 = Release|iPhone
		{6EE6B360-00E4-4351-A5CA-7FB12E5D866E}.Release|Any CPU.Deploy.0 = Release|iPhone
		{6EE6B360-00E4-4351-A5CA-7FB12E5D866E}.Release|iPhone.ActiveCfg = Release|iPhone
		{6EE6B360-00E4-4351-A5CA-7FB12E5D866E}.Release|iPhone.Build.0 = Release|iPhone
		{6EE6B360-00E4-4351-A5CA-7FB12E5D866E}.Release|iPhone.Deploy.0 = Release|iPhone
		{6EE6B360-00E4-4351-A5CA-7FB12E5D866E}.Release|iPhoneSimulator.ActiveCfg = Release|iPhoneSimulator
		{6EE6B360-00E4-4351-A5CA-7FB12E5D866E}.Release|iPhoneSimulator.Build.0 = Release|iPhoneSimulator
		{6EE6B360-00E4-4351-A5CA-7FB12E5D866E}.Release|iPhoneSimulator.Deploy.0 = Release|iPhoneSimulator
		{04079CF4-2907-43AB-800D-6D25DA1606BD}.Debug|Any CPU.ActiveCfg = Debug|Any CPU
		{04079CF4-2907-43AB-800D-6D25DA1606BD}.Debug|Any CPU.Build.0 = Debug|Any CPU
		{04079CF4-2907-43AB-800D-6D25DA1606BD}.Debug|Any CPU.Deploy.0 = Debug|Any CPU
		{04079CF4-2907-43AB-800D-6D25DA1606BD}.Debug|iPhone.ActiveCfg = Debug|Any CPU
		{04079CF4-2907-43AB-800D-6D25DA1606BD}.Debug|iPhone.Build.0 = Debug|Any CPU
		{04079CF4-2907-43AB-800D-6D25DA1606BD}.Debug|iPhone.Deploy.0 = Debug|Any CPU
		{04079CF4-2907-43AB-800D-6D25DA1606BD}.Debug|iPhoneSimulator.ActiveCfg = Debug|Any CPU
		{04079CF4-2907-43AB-800D-6D25DA1606BD}.Debug|iPhoneSimulator.Build.0 = Debug|Any CPU
		{04079CF4-2907-43AB-800D-6D25DA1606BD}.Debug|iPhoneSimulator.Deploy.0 = Debug|Any CPU
		{04079CF4-2907-43AB-800D-6D25DA1606BD}.Release|Any CPU.ActiveCfg = Release|Any CPU
		{04079CF4-2907-43AB-800D-6D25DA1606BD}.Release|Any CPU.Build.0 = Release|Any CPU
		{04079CF4-2907-43AB-800D-6D25DA1606BD}.Release|Any CPU.Deploy.0 = Release|Any CPU
		{04079CF4-2907-43AB-800D-6D25DA1606BD}.Release|iPhone.ActiveCfg = Release|Any CPU
		{04079CF4-2907-43AB-800D-6D25DA1606BD}.Release|iPhone.Build.0 = Release|Any CPU
		{04079CF4-2907-43AB-800D-6D25DA1606BD}.Release|iPhone.Deploy.0 = Release|Any CPU
		{04079CF4-2907-43AB-800D-6D25DA1606BD}.Release|iPhoneSimulator.ActiveCfg = Release|Any CPU
		{04079CF4-2907-43AB-800D-6D25DA1606BD}.Release|iPhoneSimulator.Build.0 = Release|Any CPU
		{04079CF4-2907-43AB-800D-6D25DA1606BD}.Release|iPhoneSimulator.Deploy.0 = Release|Any CPU
	EndGlobalSection
	GlobalSection(SolutionProperties) = preSolution
		HideSolutionNode = FALSE
	EndGlobalSection
	GlobalSection(ExtensibilityGlobals) = postSolution
		SolutionGuid = {FB75B9AF-038E-4844-8BB8-912B44CD9AD8}
	EndGlobalSection
EndGlobal
